Microsoft Visual Studio Solution File, Format Version 12.00
# Visual Studio Version 17
VisualStudioVersion = 17.5.2.0
MinimumVisualStudioVersion = 10.0.40219.1
Project("{FAE04EC0-301F-11D3-BF4B-00C04F79EFBC}") = "Guiguimmo.Characters", "Guiguimmo.Characters.csproj", "{A21CCF6B-880A-4E56-E446-DC2E5A6BF237}"
EndProject
Global
	GlobalSection(SolutionConfigurationPlatforms) = preSolution
		Debug|Any CPU = Debug|Any CPU
		Release|Any CPU = Release|Any CPU
	EndGlobalSection
	GlobalSection(ProjectConfigurationPlatforms) = postSolution
		{A21CCF6B-880A-4E56-E446-DC2E5A6BF237}.Debug|Any CPU.ActiveCfg = Debug|Any CPU
		{A21CCF6B-880A-4E56-E446-DC2E5A6BF237}.Debug|Any CPU.Build.0 = Debug|Any CPU
		{A21CCF6B-880A-4E56-E446-DC2E5A6BF237}.Release|Any CPU.ActiveCfg = Release|Any CPU
		{A21CCF6B-880A-4E56-E446-DC2E5A6BF237}.Release|Any CPU.Build.0 = Release|Any CPU
	EndGlobalSection
	GlobalSection(SolutionProperties) = preSolution
		HideSolutionNode = FALSE
	EndGlobalSection
	GlobalSection(ExtensibilityGlobals) = postSolution
		SolutionGuid = {12C965AF-D37A-42A5-A04D-1B3F2947AE13}
	EndGlobalSection
EndGlobal
